
Microsoft Visual Studio Solution File, Format Version 12.00
# Visual Studio Version 16
VisualStudioVersion = 16.0.31729.503
MinimumVisualStudioVersion = 10.0.40219.1
Project("{2150E333-8FDC-42A3-9474-1A3956D46DE8}") = "1. API", "1. API", "{4579CBE6-0B93-45F9-81FE-277FEE37FC55}"
EndProject
Project("{2150E333-8FDC-42A3-9474-1A3956D46DE8}") = "2. Application", "2. Application", "{E37A1F30-CF19-42D8-A51F-2E42240964DD}"
EndProject
Project("{2150E333-8FDC-42A3-9474-1A3956D46DE8}") = "3. Domain", "3. Domain", "{56D869FE-65FC-4B4F-88E3-5790BC275D88}"
EndProject
Project("{2150E333-8FDC-42A3-9474-1A3956D46DE8}") = "4. InfraStructure", "4. InfraStructure", "{E8139A5F-268B-4536-B6C6-16ECE2CDE87E}"
EndProject
Project("{2150E333-8FDC-42A3-9474-1A3956D46DE8}") = "5. CrossCutting", "5. CrossCutting", "{5D82C4BF-07E0-4C5A-B55C-668D754D42BB}"
EndProject
Project("{2150E333-8FDC-42A3-9474-1A3956D46DE8}") = "6. Test", "6. Test", "{AA5D3467-9037-4E65-B45A-C06726584F52}"
EndProject
Project("{9A19103F-16F7-4668-BE54-9A1E7A4F7556}") = "SUC.Api", "SUC.Api\SUC.Api.csproj", "{4CEAAAEF-2C71-4B16-AA06-C460FDC96EE6}"
EndProject
Project("{9A19103F-16F7-4668-BE54-9A1E7A4F7556}") = "SUC.Application", "SUC.Application\SUC.Application.csproj", "{A3F75CC8-CFCA-45E1-A026-A9620525C406}"
EndProject
Project("{9A19103F-16F7-4668-BE54-9A1E7A4F7556}") = "SUC.Domain", "SUC.Domain\SUC.Domain.csproj", "{57913275-EA07-4DDB-837A-0AE50095B44C}"
EndProject
Project("{2150E333-8FDC-42A3-9474-1A3956D46DE8}") = "4.1. Data", "4.1. Data", "{DC8A9AB9-1E7E-4077-A936-A57664DD281D}"
EndProject
Project("{2150E333-8FDC-42A3-9474-1A3956D46DE8}") = "4.2. Security", "4.2. Security", "{F2AC5D0D-33BB-44DB-BD5C-9A1A7C3EDA1F}"
EndProject
Project("{2150E333-8FDC-42A3-9474-1A3956D46DE8}") = "4.3. Validations", "4.3. Validations", "{CF2BADD0-5B57-445B-A454-66C07BB99AEB}"
EndProject
Project("{9A19103F-16F7-4668-BE54-9A1E7A4F7556}") = "SUC.Infra.Data.MongoDB", "SUC.Infra.Data.MongoDB\SUC.Infra.Data.MongoDB.csproj", "{02D9C5E3-BA49-4661-8D35-51D83EB08F87}"
EndProject
Project("{2150E333-8FDC-42A3-9474-1A3956D46DE8}") = "Cached", "Cached", "{9802E287-3BEE-4557-867B-ED5E1387E172}"
EndProject
Project("{2150E333-8FDC-42A3-9474-1A3956D46DE8}") = "PostgresSQL", "PostgresSQL", "{B233E37B-A56C-4D82-88A0-40D984795C50}"
EndProject
Project("{9A19103F-16F7-4668-BE54-9A1E7A4F7556}") = "SUC.Infra.Data.PostgresSQL", "SUC.Infra.Data.PostgresSQL\SUC.Infra.Data.PostgresSQL.csproj", "{555181C9-4C63-4AE2-8701-47BBE83A69E3}"
EndProject
Project("{9A19103F-16F7-4668-BE54-9A1E7A4F7556}") = "SUC.Security", "SUC.Security\SUC.Security.csproj", "{5D5FFE4D-BC12-4749-B228-54D3C28A66C3}"
EndProject
Project("{9A19103F-16F7-4668-BE54-9A1E7A4F7556}") = "SUC.Validations", "SUC.Validations\SUC.Validations.csproj", "{F60D45FF-FF89-48F5-820E-0BD0A21E015B}"
EndProject
Project("{9A19103F-16F7-4668-BE54-9A1E7A4F7556}") = "SUC.CrossCutting.IOC", "SUC.CrossCutting.IOC\SUC.CrossCutting.IOC.csproj", "{F70BB030-91CB-457C-99EA-33FBCE49AE0B}"
EndProject
Project("{2150E333-8FDC-42A3-9474-1A3956D46DE8}") = "5.2. IOC", "5.2. IOC", "{06B40ABB-225A-46E4-AE2D-189AB8D1C678}"
EndProject
Project("{2150E333-8FDC-42A3-9474-1A3956D46DE8}") = "5.1. Cryptography", "5.1. Cryptography", "{26FD5A36-9566-4516-804C-37664100F09D}"
EndProject
Project("{9A19103F-16F7-4668-BE54-9A1E7A4F7556}") = "SUC.CrossCutting.Cryptography", "SUC.CrossCuttingCryptography\SUC.CrossCutting.Cryptography.csproj", "{6F9A39D4-6754-4FA0-9E30-07DEE98D292F}"
EndProject
Project("{2150E333-8FDC-42A3-9474-1A3956D46DE8}") = "1. API", "1. API", "{1520597E-0577-4082-8B09-361CD07D50FE}"
EndProject
Project("{2150E333-8FDC-42A3-9474-1A3956D46DE8}") = "2. Application", "2. Application", "{F33DC1DD-DBB8-4959-8745-EFA4281F30A4}"
EndProject
Project("{2150E333-8FDC-42A3-9474-1A3956D46DE8}") = "4. Infra", "4. Infra", "{463C87E4-5187-4EC6-8C24-39C92E86FA70}"
EndProject
Project("{2150E333-8FDC-42A3-9474-1A3956D46DE8}") = "5. CrossCutting", "5. CrossCutting", "{796820AB-38BB-4FE7-88D6-5ECE3BAA5C13}"
EndProject
Project("{9A19103F-16F7-4668-BE54-9A1E7A4F7556}") = "SUC.Tests.API", "SUC.Tests.API\SUC.Tests.API.csproj", "{2FBC8E58-3A61-4913-A1E6-917F5F7AC8AA}"
EndProject
Project("{FAE04EC0-301F-11D3-BF4B-00C04F79EFBC}") = "SUC.Application.Tests", "SUC.Application.Tests\SUC.Application.Tests.csproj", "{9B7ED0A6-F6C5-4B27-AC59-D72452AFA69A}"
EndProject
Project("{2150E333-8FDC-42A3-9474-1A3956D46DE8}") = "3. Domain", "3. Domain", "{9F6BBE79-B9B9-4AC7-A132-D77D934428EE}"
EndProject
Project("{FAE04EC0-301F-11D3-BF4B-00C04F79EFBC}") = "SUC.Domain.Tests", "SUC.Domain.Tests\SUC.Domain.Tests.csproj", "{39A09CD6-0634-4A17-9DD4-7BEC9AA14795}"
EndProject
Project("{FAE04EC0-301F-11D3-BF4B-00C04F79EFBC}") = "SUC.InfraStructure.Tests", "SUC.InfraStructure.Tests\SUC.InfraStructure.Tests.csproj", "{B3FAA6BF-645F-4ABF-AB55-4B0F95A3316D}"
EndProject
Global
	GlobalSection(SolutionConfigurationPlatforms) = preSolution
		Debug|Any CPU = Debug|Any CPU
		Release|Any CPU = Release|Any CPU
		Description = suc
	EndGlobalSection
	GlobalSection(ProjectConfigurationPlatforms) = postSolution
		{4CEAAAEF-2C71-4B16-AA06-C460FDC96EE6}.Debug|Any CPU.ActiveCfg = Debug|Any CPU
		{4CEAAAEF-2C71-4B16-AA06-C460FDC96EE6}.Debug|Any CPU.Build.0 = Debug|Any CPU
		{4CEAAAEF-2C71-4B16-AA06-C460FDC96EE6}.Release|Any CPU.ActiveCfg = Release|Any CPU
		{4CEAAAEF-2C71-4B16-AA06-C460FDC96EE6}.Release|Any CPU.Build.0 = Release|Any CPU
		{A3F75CC8-CFCA-45E1-A026-A9620525C406}.Debug|Any CPU.ActiveCfg = Debug|Any CPU
		{A3F75CC8-CFCA-45E1-A026-A9620525C406}.Debug|Any CPU.Build.0 = Debug|Any CPU
		{A3F75CC8-CFCA-45E1-A026-A9620525C406}.Release|Any CPU.ActiveCfg = Release|Any CPU
		{A3F75CC8-CFCA-45E1-A026-A9620525C406}.Release|Any CPU.Build.0 = Release|Any CPU
		{57913275-EA07-4DDB-837A-0AE50095B44C}.Debug|Any CPU.ActiveCfg = Debug|Any CPU
		{57913275-EA07-4DDB-837A-0AE50095B44C}.Debug|Any CPU.Build.0 = Debug|Any CPU
		{57913275-EA07-4DDB-837A-0AE50095B44C}.Release|Any CPU.ActiveCfg = Release|Any CPU
		{57913275-EA07-4DDB-837A-0AE50095B44C}.Release|Any CPU.Build.0 = Release|Any CPU
		{02D9C5E3-BA49-4661-8D35-51D83EB08F87}.Debug|Any CPU.ActiveCfg = Debug|Any CPU
		{02D9C5E3-BA49-4661-8D35-51D83EB08F87}.Debug|Any CPU.Build.0 = Debug|Any CPU
		{02D9C5E3-BA49-4661-8D35-51D83EB08F87}.Release|Any CPU.ActiveCfg = Release|Any CPU
		{02D9C5E3-BA49-4661-8D35-51D83EB08F87}.Release|Any CPU.Build.0 = Release|Any CPU
		{555181C9-4C63-4AE2-8701-47BBE83A69E3}.Debug|Any CPU.ActiveCfg = Debug|Any CPU
		{555181C9-4C63-4AE2-8701-47BBE83A69E3}.Debug|Any CPU.Build.0 = Debug|Any CPU
		{555181C9-4C63-4AE2-8701-47BBE83A69E3}.Release|Any CPU.ActiveCfg = Release|Any CPU
		{555181C9-4C63-4AE2-8701-47BBE83A69E3}.Release|Any CPU.Build.0 = Release|Any CPU
		{5D5FFE4D-BC12-4749-B228-54D3C28A66C3}.Debug|Any CPU.ActiveCfg = Debug|Any CPU
		{5D5FFE4D-BC12-4749-B228-54D3C28A66C3}.Debug|Any CPU.Build.0 = Debug|Any CPU
		{5D5FFE4D-BC12-4749-B228-54D3C28A66C3}.Release|Any CPU.ActiveCfg = Release|Any CPU
		{5D5FFE4D-BC12-4749-B228-54D3C28A66C3}.Release|Any CPU.Build.0 = Release|Any CPU
		{F60D45FF-FF89-48F5-820E-0BD0A21E015B}.Debug|Any CPU.ActiveCfg = Debug|Any CPU
		{F60D45FF-FF89-48F5-820E-0BD0A21E015B}.Debug|Any CPU.Build.0 = Debug|Any CPU
		{F60D45FF-FF89-48F5-820E-0BD0A21E015B}.Release|Any CPU.ActiveCfg = Release|Any CPU
		{F60D45FF-FF89-48F5-820E-0BD0A21E015B}.Release|Any CPU.Build.0 = Release|Any CPU
		{F70BB030-91CB-457C-99EA-33FBCE49AE0B}.Debug|Any CPU.ActiveCfg = Debug|Any CPU
		{F70BB030-91CB-457C-99EA-33FBCE49AE0B}.Debug|Any CPU.Build.0 = Debug|Any CPU
		{F70BB030-91CB-457C-99EA-33FBCE49AE0B}.Release|Any CPU.ActiveCfg = Release|Any CPU
		{F70BB030-91CB-457C-99EA-33FBCE49AE0B}.Release|Any CPU.Build.0 = Release|Any CPU
		{6F9A39D4-6754-4FA0-9E30-07DEE98D292F}.Debug|Any CPU.ActiveCfg = Debug|Any CPU
		{6F9A39D4-6754-4FA0-9E30-07DEE98D292F}.Debug|Any CPU.Build.0 = Debug|Any CPU
		{6F9A39D4-6754-4FA0-9E30-07DEE98D292F}.Release|Any CPU.ActiveCfg = Release|Any CPU
		{6F9A39D4-6754-4FA0-9E30-07DEE98D292F}.Release|Any CPU.Build.0 = Release|Any CPU
		{2FBC8E58-3A61-4913-A1E6-917F5F7AC8AA}.Debug|Any CPU.ActiveCfg = Debug|Any CPU
		{2FBC8E58-3A61-4913-A1E6-917F5F7AC8AA}.Debug|Any CPU.Build.0 = Debug|Any CPU
		{2FBC8E58-3A61-4913-A1E6-917F5F7AC8AA}.Release|Any CPU.ActiveCfg = Release|Any CPU
		{2FBC8E58-3A61-4913-A1E6-917F5F7AC8AA}.Release|Any CPU.Build.0 = Release|Any CPU
		{9B7ED0A6-F6C5-4B27-AC59-D72452AFA69A}.Debug|Any CPU.ActiveCfg = Debug|Any CPU
		{9B7ED0A6-F6C5-4B27-AC59-D72452AFA69A}.Debug|Any CPU.Build.0 = Debug|Any CPU
		{9B7ED0A6-F6C5-4B27-AC59-D72452AFA69A}.Release|Any CPU.ActiveCfg = Release|Any CPU
		{9B7ED0A6-F6C5-4B27-AC59-D72452AFA69A}.Release|Any CPU.Build.0 = Release|Any CPU
		{39A09CD6-0634-4A17-9DD4-7BEC9AA14795}.Debug|Any CPU.ActiveCfg = Debug|Any CPU
		{39A09CD6-0634-4A17-9DD4-7BEC9AA14795}.Debug|Any CPU.Build.0 = Debug|Any CPU
		{39A09CD6-0634-4A17-9DD4-7BEC9AA14795}.Release|Any CPU.ActiveCfg = Release|Any CPU
		{39A09CD6-0634-4A17-9DD4-7BEC9AA14795}.Release|Any CPU.Build.0 = Release|Any CPU
		{B3FAA6BF-645F-4ABF-AB55-4B0F95A3316D}.Debug|Any CPU.ActiveCfg = Debug|Any CPU
		{B3FAA6BF-645F-4ABF-AB55-4B0F95A3316D}.Debug|Any CPU.Build.0 = Debug|Any CPU
		{B3FAA6BF-645F-4ABF-AB55-4B0F95A3316D}.Release|Any CPU.ActiveCfg = Release|Any CPU
		{B3FAA6BF-645F-4ABF-AB55-4B0F95A3316D}.Release|Any CPU.Build.0 = Release|Any CPU
	EndGlobalSection
	GlobalSection(SolutionProperties) = preSolution
		HideSolutionNode = FALSE
	EndGlobalSection
	GlobalSection(NestedProjects) = preSolution
		{4CEAAAEF-2C71-4B16-AA06-C460FDC96EE6} = {4579CBE6-0B93-45F9-81FE-277FEE37FC55}
		{A3F75CC8-CFCA-45E1-A026-A9620525C406} = {E37A1F30-CF19-42D8-A51F-2E42240964DD}
		{57913275-EA07-4DDB-837A-0AE50095B44C} = {56D869FE-65FC-4B4F-88E3-5790BC275D88}
		{DC8A9AB9-1E7E-4077-A936-A57664DD281D} = {E8139A5F-268B-4536-B6C6-16ECE2CDE87E}
		{F2AC5D0D-33BB-44DB-BD5C-9A1A7C3EDA1F} = {E8139A5F-268B-4536-B6C6-16ECE2CDE87E}
		{CF2BADD0-5B57-445B-A454-66C07BB99AEB} = {E8139A5F-268B-4536-B6C6-16ECE2CDE87E}
		{02D9C5E3-BA49-4661-8D35-51D83EB08F87} = {9802E287-3BEE-4557-867B-ED5E1387E172}
		{9802E287-3BEE-4557-867B-ED5E1387E172} = {DC8A9AB9-1E7E-4077-A936-A57664DD281D}
		{B233E37B-A56C-4D82-88A0-40D984795C50} = {DC8A9AB9-1E7E-4077-A936-A57664DD281D}
		{555181C9-4C63-4AE2-8701-47BBE83A69E3} = {B233E37B-A56C-4D82-88A0-40D984795C50}
		{5D5FFE4D-BC12-4749-B228-54D3C28A66C3} = {F2AC5D0D-33BB-44DB-BD5C-9A1A7C3EDA1F}
		{F60D45FF-FF89-48F5-820E-0BD0A21E015B} = {CF2BADD0-5B57-445B-A454-66C07BB99AEB}
		{F70BB030-91CB-457C-99EA-33FBCE49AE0B} = {06B40ABB-225A-46E4-AE2D-189AB8D1C678}
		{06B40ABB-225A-46E4-AE2D-189AB8D1C678} = {5D82C4BF-07E0-4C5A-B55C-668D754D42BB}
		{26FD5A36-9566-4516-804C-37664100F09D} = {5D82C4BF-07E0-4C5A-B55C-668D754D42BB}
		{6F9A39D4-6754-4FA0-9E30-07DEE98D292F} = {26FD5A36-9566-4516-804C-37664100F09D}
		{1520597E-0577-4082-8B09-361CD07D50FE} = {AA5D3467-9037-4E65-B45A-C06726584F52}
		{F33DC1DD-DBB8-4959-8745-EFA4281F30A4} = {AA5D3467-9037-4E65-B45A-C06726584F52}
		{463C87E4-5187-4EC6-8C24-39C92E86FA70} = {AA5D3467-9037-4E65-B45A-C06726584F52}
		{796820AB-38BB-4FE7-88D6-5ECE3BAA5C13} = {AA5D3467-9037-4E65-B45A-C06726584F52}
		{2FBC8E58-3A61-4913-A1E6-917F5F7AC8AA} = {1520597E-0577-4082-8B09-361CD07D50FE}
		{9B7ED0A6-F6C5-4B27-AC59-D72452AFA69A} = {F33DC1DD-DBB8-4959-8745-EFA4281F30A4}
		{9F6BBE79-B9B9-4AC7-A132-D77D934428EE} = {AA5D3467-9037-4E65-B45A-C06726584F52}
		{39A09CD6-0634-4A17-9DD4-7BEC9AA14795} = {9F6BBE79-B9B9-4AC7-A132-D77D934428EE}
		{B3FAA6BF-645F-4ABF-AB55-4B0F95A3316D} = {463C87E4-5187-4EC6-8C24-39C92E86FA70}
	EndGlobalSection
	GlobalSection(ExtensibilityGlobals) = postSolution
		SolutionGuid = {AE0AFB84-62E0-45C0-879E-3FFB287DC20D}
	EndGlobalSection
EndGlobal
